// !$*UTF8*$!
{
	archiveVersion = 1;
	classes = {
	};
	objectVersion = 77;
	objects = {

/* Begin PBXContainerItemProxy section */
		DC9AB3FE2E21B7B5002FC871 /* PBXContainerItemProxy */ = {
			isa = PBXContainerItemProxy;
			containerPortal = DC9AB3DF2E21B7B3002FC871 /* Project object */;
			proxyType = 1;
			remoteGlobalIDString = DC9AB3E62E21B7B3002FC871;
			remoteInfo = TestAppiOS;
		};
		DC9AB4082E21B7B5002FC871 /* PBXContainerItemProxy */ = {
			isa = PBXContainerItemProxy;
			containerPortal = DC9AB3DF2E21B7B3002FC871 /* Project object */;
			proxyType = 1;
			remoteGlobalIDString = DC9AB3E62E21B7B3002FC871;
			remoteInfo = TestAppiOS;
		};
/* End PBXContainerItemProxy section */

/* Begin PBXFileReference section */
		DC9AB3E72E21B7B3002FC871 /* TestAppiOS.app */ = {isa = PBXFileReference; explicitFileType = wrapper.application; includeInIndex = 0; path = TestAppiOS.app; sourceTree = BUILT_PRODUCTS_DIR; };
		DC9AB3FD2E21B7B5002FC871 /* TestAppiOSTests.xctest */ = {isa = PBXFileReference; explicitFileType = wrapper.cfbundle; includeInIndex = 0; path = TestAppiOSTests.xctest; sourceTree = BUILT_PRODUCTS_DIR; };
		DC9AB4072E21B7B5002FC871 /* TestAppiOSUITests.xctest */ = {isa = PBXFileReference; explicitFileType = wrapper.cfbundle; includeInIndex = 0; path = TestAppiOSUITests.xctest; sourceTree = BUILT_PRODUCTS_DIR; };
/* End PBXFileReference section */

/* Begin PBXFileSystemSynchronizedBuildFileExceptionSet section */
		DC9AB40F2E21B7B5002FC871 /* Exceptions for "TestAppiOS" folder in "TestAppiOS" target */ = {
			isa = PBXFileSystemSynchronizedBuildFileExceptionSet;
			membershipExceptions = (
				Info.plist,
			);
			target = DC9AB3E62E21B7B3002FC871 /* TestAppiOS */;
		};
/* End PBXFileSystemSynchronizedBuildFileExceptionSet section */

/* Begin PBXFileSystemSynchronizedRootGroup section */
		DC9AB3E92E21B7B3002FC871 /* TestAppiOS */ = {
			isa = PBXFileSystemSynchronizedRootGroup;
			exceptions = (
				DC9AB40F2E21B7B5002FC871 /* Exceptions for "TestAppiOS" folder in "TestAppiOS" target */,
			);
			path = TestAppiOS;
			sourceTree = "<group>";
		};
		DC9AB4002E21B7B5002FC871 /* TestAppiOSTests */ = {
			isa = PBXFileSystemSynchronizedRootGroup;
			path = TestAppiOSTests;
			sourceTree = "<group>";
		};
		DC9AB40A2E21B7B5002FC871 /* TestAppiOSUITests */ = {
			isa = PBXFileSystemSynchronizedRootGroup;
			path = TestAppiOSUITests;
			sourceTree = "<group>";
		};
/* End PBXFileSystemSynchronizedRootGroup section */

/* Begin PBXFrameworksBuildPhase section */
		DC9AB3E42E21B7B3002FC871 /* Frameworks */ = {
			isa = PBXFrameworksBuildPhase;
			buildActionMask = 2147483647;
			files = (
			);
			runOnlyForDeploymentPostprocessing = 0;
		};
		DC9AB3FA2E21B7B5002FC871 /* Frameworks */ = {
			isa = PBXFrameworksBuildPhase;
			buildActionMask = 2147483647;
			files = (
			);
			runOnlyForDeploymentPostprocessing = 0;
		};
		DC9AB4042E21B7B5002FC871 /* Frameworks */ = {
			isa = PBXFrameworksBuildPhase;
			buildActionMask = 2147483647;
			files = (
			);
			runOnlyForDeploymentPostprocessing = 0;
		};
/* End PBXFrameworksBuildPhase section */

/* Begin PBXGroup section */
		DC9AB3DE2E21B7B3002FC871 = {
			isa = PBXGroup;
			children = (
				DC9AB3E92E21B7B3002FC871 /* TestAppiOS */,
				DC9AB4002E21B7B5002FC871 /* TestAppiOSTests */,
				DC9AB40A2E21B7B5002FC871 /* TestAppiOSUITests */,
				DC9AB3E82E21B7B3002FC871 /* Products */,
			);
			sourceTree = "<group>";
		};
		DC9AB3E82E21B7B3002FC871 /* Products */ = {
			isa = PBXGroup;
			children = (
				DC9AB3E72E21B7B3002FC871 /* TestAppiOS.app */,
				DC9AB3FD2E21B7B5002FC871 /* TestAppiOSTests.xctest */,
				DC9AB4072E21B7B5002FC871 /* TestAppiOSUITests.xctest */,
			);
			name = Products;
			sourceTree = "<group>";
		};
/* End PBXGroup section */

/* Begin PBXNativeTarget section */
		DC9AB3E62E21B7B3002FC871 /* TestAppiOS */ = {
			isa = PBXNativeTarget;
			buildConfigurationList = DC9AB4102E21B7B5002FC871 /* Build configuration list for PBXNativeTarget "TestAppiOS" */;
			buildPhases = (
				DC9AB3E32E21B7B3002FC871 /* Sources */,
				DC9AB3E42E21B7B3002FC871 /* Frameworks */,
				DC9AB3E52E21B7B3002FC871 /* Resources */,
			);
			buildRules = (
			);
			dependencies = (
			);
			fileSystemSynchronizedGroups = (
				DC9AB3E92E21B7B3002FC871 /* TestAppiOS */,
			);
			name = TestAppiOS;
			packageProductDependencies = (
			);
			productName = TestAppiOS;
			productReference = DC9AB3E72E21B7B3002FC871 /* TestAppiOS.app */;
			productType = "com.apple.product-type.application";
		};
		DC9AB3FC2E21B7B5002FC871 /* TestAppiOSTests */ = {
			isa = PBXNativeTarget;
			buildConfigurationList = DC9AB4152E21B7B5002FC871 /* Build configuration list for PBXNativeTarget "TestAppiOSTests" */;
			buildPhases = (
				DC9AB3F92E21B7B5002FC871 /* Sources */,
				DC9AB3FA2E21B7B5002FC871 /* Frameworks */,
				DC9AB3FB2E21B7B5002FC871 /* Resources */,
			);
			buildRules = (
			);
			dependencies = (
				DC9AB3FF2E21B7B5002FC871 /* PBXTargetDependency */,
			);
			fileSystemSynchronizedGroups = (
				DC9AB4002E21B7B5002FC871 /* TestAppiOSTests */,
			);
			name = TestAppiOSTests;
			packageProductDependencies = (
			);
			productName = TestAppiOSTests;
			productReference = DC9AB3FD2E21B7B5002FC871 /* TestAppiOSTests.xctest */;
			productType = "com.apple.product-type.bundle.unit-test";
		};
		DC9AB4062E21B7B5002FC871 /* TestAppiOSUITests */ = {
			isa = PBXNativeTarget;
			buildConfigurationList = DC9AB4182E21B7B5002FC871 /* Build configuration list for PBXNativeTarget "TestAppiOSUITests" */;
			buildPhases = (
				DC9AB4032E21B7B5002FC871 /* Sources */,
				DC9AB4042E21B7B5002FC871 /* Frameworks */,
				DC9AB4052E21B7B5002FC871 /* Resources */,
			);
			buildRules = (
			);
			dependencies = (
				DC9AB4092E21B7B5002FC871 /* PBXTargetDependency */,
			);
			fileSystemSynchronizedGroups = (
				DC9AB40A2E21B7B5002FC871 /* TestAppiOSUITests */,
			);
			name = TestAppiOSUITests;
			packageProductDependencies = (
			);
			productName = TestAppiOSUITests;
			productReference = DC9AB4072E21B7B5002FC871 /* TestAppiOSUITests.xctest */;
			productType = "com.apple.product-type.bundle.ui-testing";
		};
/* End PBXNativeTarget section */

/* Begin PBXProject section */
		DC9AB3DF2E21B7B3002FC871 /* Project object */ = {
			isa = PBXProject;
			attributes = {
				BuildIndependentTargetsInParallel = 1;
				LastSwiftUpdateCheck = 1640;
				LastUpgradeCheck = 1640;
				TargetAttributes = {
					DC9AB3E62E21B7B3002FC871 = {
						CreatedOnToolsVersion = 16.4;
					};
					DC9AB3FC2E21B7B5002FC871 = {
						CreatedOnToolsVersion = 16.4;
						TestTargetID = DC9AB3E62E21B7B3002FC871;
					};
					DC9AB4062E21B7B5002FC871 = {
						CreatedOnToolsVersion = 16.4;
						TestTargetID = DC9AB3E62E21B7B3002FC871;
					};
				};
			};
			buildConfigurationList = DC9AB3E22E21B7B3002FC871 /* Build configuration list for PBXProject "TestAppiOS" */;
			developmentRegion = en;
			hasScannedForEncodings = 0;
			knownRegions = (
				en,
				Base,
			);
			mainGroup = DC9AB3DE2E21B7B3002FC871;
			minimizedProjectReferenceProxies = 1;
			preferredProjectObjectVersion = 77;
			productRefGroup = DC9AB3E82E21B7B3002FC871 /* Products */;
			projectDirPath = "";
			projectRoot = "";
			targets = (
				DC9AB3E62E21B7B3002FC871 /* TestAppiOS */,
				DC9AB3FC2E21B7B5002FC871 /* TestAppiOSTests */,
				DC9AB4062E21B7B5002FC871 /* TestAppiOSUITests */,
			);
		};
/* End PBXProject section */

/* Begin PBXResourcesBuildPhase section */
		DC9AB3E52E21B7B3002FC871 /* Resources */ = {
			isa = PBXResourcesBuildPhase;
			buildActionMask = 2147483647;
			files = (
			);
			runOnlyForDeploymentPostprocessing = 0;
		};
		DC9AB3FB2E21B7B5002FC871 /* Resources */ = {
			isa = PBXResourcesBuildPhase;
			buildActionMask = 2147483647;
			files = (
			);
			runOnlyForDeploymentPostprocessing = 0;
		};
		DC9AB4052E21B7B5002FC871 /* Resources */ = {
			isa = PBXResourcesBuildPhase;
			buildActionMask = 2147483647;
			files = (
			);
			runOnlyForDeploymentPostprocessing = 0;
		};
/* End PBXResourcesBuildPhase section */

/* Begin PBXSourcesBuildPhase section */
		DC9AB3E32E21B7B3002FC871 /* Sources */ = {
			isa = PBXSourcesBuildPhase;
			buildActionMask = 2147483647;
			files = (
			);
			runOnlyForDeploymentPostprocessing = 0;
		};
		DC9AB3F92E21B7B5002FC871 /* Sources */ = {
			isa = PBXSourcesBuildPhase;
			buildActionMask = 2147483647;
			files = (
			);
			runOnlyForDeploymentPostprocessing = 0;
		};
		DC9AB4032E21B7B5002FC871 /* Sources */ = {
			isa = PBXSourcesBuildPhase;
			buildActionMask = 2147483647;
			files = (
			);
			runOnlyForDeploymentPostprocessing = 0;
		};
/* End PBXSourcesBuildPhase section */

/* Begin PBXTargetDependency section */
		DC9AB3FF2E21B7B5002FC871 /* PBXTargetDependency */ = {
			isa = PBXTargetDependency;
			target = DC9AB3E62E21B7B3002FC871 /* TestAppiOS */;
			targetProxy = DC9AB3FE2E21B7B5002FC871 /* PBXContainerItemProxy */;
		};
		DC9AB4092E21B7B5002FC871 /* PBXTargetDependency */ = {
			isa = PBXTargetDependency;
			target = DC9AB3E62E21B7B3002FC871 /* TestAppiOS */;
			targetProxy = DC9AB4082E21B7B5002FC871 /* PBXContainerItemProxy */;
		};
/* End PBXTargetDependency section */

/* Begin XCBuildConfiguration section */
		DC9AB4112E21B7B5002FC871 /* Debug */ = {
			isa = XCBuildConfiguration;
			buildSettings = {
				ASSETCATALOG_COMPILER_APPICON_NAME = AppIcon;
				ASSETCATALOG_COMPILER_GLOBAL_ACCENT_COLOR_NAME = AccentColor;
				CODE_SIGN_STYLE = Automatic;
				CURRENT_PROJECT_VERSION = 1;
				DEVELOPMENT_TEAM = DVKB9Z8TQ2;
				GENERATE_INFOPLIST_FILE = YES;
				INFOPLIST_FILE = TestAppiOS/Info.plist;
				INFOPLIST_KEY_UIApplicationSupportsIndirectInputEvents = YES;
				INFOPLIST_KEY_UILaunchStoryboardName = LaunchScreen;
				INFOPLIST_KEY_UIMainStoryboardFile = Main;
				INFOPLIST_KEY_UISupportedInterfaceOrientations_iPad = "UIInterfaceOrientationPortrait UIInterfaceOrientationPortraitUpsideDown UIInterfaceOrientationLandscapeLeft UIInterfaceOrientationLandscapeRight";
				INFOPLIST_KEY_UISupportedInterfaceOrientations_iPhone = "UIInterfaceOrientationPortrait UIInterfaceOrientationLandscapeLeft UIInterfaceOrientationLandscapeRight";
				LD_RUNPATH_SEARCH_PATHS = (
					"$(inherited)",
					"@executable_path/Frameworks",
				);
				MARKETING_VERSION = 1.0;
				PRODUCT_BUNDLE_IDENTIFIER = com.lapfelix.TestAppiOS;
				PRODUCT_NAME = "$(TARGET_NAME)";
				SWIFT_EMIT_LOC_STRINGS = YES;
				SWIFT_VERSION = 5.0;
				TARGETED_DEVICE_FAMILY = "1,2";
			};
			name = Debug;
		};
		DC9AB4122E21B7B5002FC871 /* Release */ = {
			isa = XCBuildConfiguration;
			buildSettings = {
				ASSETCATALOG_COMPILER_APPICON_NAME = AppIcon;
				ASSETCATALOG_COMPILER_GLOBAL_ACCENT_COLOR_NAME = AccentColor;
				CODE_SIGN_STYLE = Automatic;
				CURRENT_PROJECT_VERSION = 1;
				DEVELOPMENT_TEAM = DVKB9Z8TQ2;
				GENERATE_INFOPLIST_FILE = YES;
				INFOPLIST_FILE = TestAppiOS/Info.plist;
				INFOPLIST_KEY_UIApplicationSupportsIndirectInputEvents = YES;
				INFOPLIST_KEY_UILaunchStoryboardName = LaunchScreen;
				INFOPLIST_KEY_UIMainStoryboardFile = Main;
				INFOPLIST_KEY_UISupportedInterfaceOrientations_iPad = "UIInterfaceOrientationPortrait UIInterfaceOrientationPortraitUpsideDown UIInterfaceOrientationLandscapeLeft UIInterfaceOrientationLandscapeRight";
				INFOPLIST_KEY_UISupportedInterfaceOrientations_iPhone = "UIInterfaceOrientationPortrait UIInterfaceOrientationLandscapeLeft UIInterfaceOrientationLandscapeRight";
				LD_RUNPATH_SEARCH_PATHS = (
					"$(inherited)",
					"@executable_path/Frameworks",
				);
				MARKETING_VERSION = 1.0;
				PRODUCT_BUNDLE_IDENTIFIER = com.lapfelix.TestAppiOS;
				PRODUCT_NAME = "$(TARGET_NAME)";
				SWIFT_EMIT_LOC_STRINGS = YES;
				SWIFT_VERSION = 5.0;
				TARGETED_DEVICE_FAMILY = "1,2";
			};
			name = Release;
		};
		DC9AB4132E21B7B5002FC871 /* Debug */ = {
			isa = XCBuildConfiguration;
			buildSettings = {
				ALWAYS_SEARCH_USER_PATHS = NO;
				ASSETCATALOG_COMPILER_GENERATE_SWIFT_ASSET_SYMBOL_EXTENSIONS = YES;
				CLANG_ANALYZER_NONNULL = YES;
				CLANG_ANALYZER_NUMBER_OBJECT_CONVERSION = YES_AGGRESSIVE;
				CLANG_CXX_LANGUAGE_STANDARD = "gnu++20";
				CLANG_ENABLE_MODULES = YES;
				CLANG_ENABLE_OBJC_ARC = YES;
				CLANG_ENABLE_OBJC_WEAK = YES;
				CLANG_WARN_BLOCK_CAPTURE_AUTORELEASING = YES;
				CLANG_WARN_BOOL_CONVERSION = YES;
				CLANG_WARN_COMMA = YES;
				CLANG_WARN_CONSTANT_CONVERSION = YES;
				CLANG_WARN_DEPRECATED_OBJC_IMPLEMENTATIONS = YES;
				CLANG_WARN_DIRECT_OBJC_ISA_USAGE = YES_ERROR;
				CLANG_WARN_DOCUMENTATION_COMMENTS = YES;
				CLANG_WARN_EMPTY_BODY = YES;
				CLANG_WARN_ENUM_CONVERSION = YES;
				CLANG_WARN_INFINITE_RECURSION = YES;
				CLANG_WARN_INT_CONVERSION = YES;
				CLANG_WARN_NON_LITERAL_NULL_CONVERSION = YES;
				CLANG_WARN_OBJC_IMPLICIT_RETAIN_SELF = YES;
				CLANG_WARN_OBJC_LITERAL_CONVERSION = YES;
				CLANG_WARN_OBJC_ROOT_CLASS = YES_ERROR;
				CLANG_WARN_QUOTED_INCLUDE_IN_FRAMEWORK_HEADER = YES;
				CLANG_WARN_RANGE_LOOP_ANALYSIS = YES;
				CLANG_WARN_STRICT_PROTOTYPES = YES;
				CLANG_WARN_SUSPICIOUS_MOVE = YES;
				CLANG_WARN_UNGUARDED_AVAILABILITY = YES_AGGRESSIVE;
				CLANG_WARN_UNREACHABLE_CODE = YES;
				CLANG_WARN__DUPLICATE_METHOD_MATCH = YES;
				COPY_PHASE_STRIP = NO;
				DEBUG_INFORMATION_FORMAT = dwarf;
				DEVELOPMENT_TEAM = DVKB9Z8TQ2;
				ENABLE_STRICT_OBJC_MSGSEND = YES;
				ENABLE_TESTABILITY = YES;
				ENABLE_USER_SCRIPT_SANDBOXING = YES;
				GCC_C_LANGUAGE_STANDARD = gnu17;
				GCC_DYNAMIC_NO_PIC = NO;
				GCC_NO_COMMON_BLOCKS = YES;
				GCC_OPTIMIZATION_LEVEL = 0;
				GCC_PREPROCESSOR_DEFINITIONS = (
					"DEBUG=1",
					"$(inherited)",
				);
				GCC_WARN_64_TO_32_BIT_CONVERSION = YES;
				GCC_WARN_ABOUT_RETURN_TYPE = YES_ERROR;
				GCC_WARN_UNDECLARED_SELECTOR = YES;
				GCC_WARN_UNINITIALIZED_AUTOS = YES_AGGRESSIVE;
				GCC_WARN_UNUSED_FUNCTION = YES;
				GCC_WARN_UNUSED_VARIABLE = YES;
				IPHONEOS_DEPLOYMENT_TARGET = 18.5;
				LOCALIZATION_PREFERS_STRING_CATALOGS = YES;
				MTL_ENABLE_DEBUG_INFO = INCLUDE_SOURCE;
				MTL_FAST_MATH = YES;
				ONLY_ACTIVE_ARCH = YES;
				SDKROOT = iphoneos;
				SWIFT_ACTIVE_COMPILATION_CONDITIONS = "DEBUG $(inherited)";
				SWIFT_OPTIMIZATION_LEVEL = "-Onone";
			};
			name = Debug;
		};
		DC9AB4142E21B7B5002FC871 /* Release */ = {
			isa = XCBuildConfiguration;
			buildSettings = {
				ALWAYS_SEARCH_USER_PATHS = NO;
				ASSETCATALOG_COMPILER_GENERATE_SWIFT_ASSET_SYMBOL_EXTENSIONS = YES;
				CLANG_ANALYZER_NONNULL = YES;
				CLANG_ANALYZER_NUMBER_OBJECT_CONVERSION = YES_AGGRESSIVE;
				CLANG_CXX_LANGUAGE_STANDARD = "gnu++20";
				CLANG_ENABLE_MODULES = YES;
				CLANG_ENABLE_OBJC_ARC = YES;
				CLANG_ENABLE_OBJC_WEAK = YES;
				CLANG_WARN_BLOCK_CAPTURE_AUTORELEASING = YES;
				CLANG_WARN_BOOL_CONVERSION = YES;
				CLANG_WARN_COMMA = YES;
				CLANG_WARN_CONSTANT_CONVERSION = YES;
				CLANG_WARN_DEPRECATED_OBJC_IMPLEMENTATIONS = YES;
				CLANG_WARN_DIRECT_OBJC_ISA_USAGE = YES_ERROR;
				CLANG_WARN_DOCUMENTATION_COMMENTS = YES;
				CLANG_WARN_EMPTY_BODY = YES;
				CLANG_WARN_ENUM_CONVERSION = YES;
				CLANG_WARN_INFINITE_RECURSION = YES;
				CLANG_WARN_INT_CONVERSION = YES;
				CLANG_WARN_NON_LITERAL_NULL_CONVERSION = YES;
				CLANG_WARN_OBJC_IMPLICIT_RETAIN_SELF = YES;
				CLANG_WARN_OBJC_LITERAL_CONVERSION = YES;
				CLANG_WARN_OBJC_ROOT_CLASS = YES_ERROR;
				CLANG_WARN_QUOTED_INCLUDE_IN_FRAMEWORK_HEADER = YES;
				CLANG_WARN_RANGE_LOOP_ANALYSIS = YES;
				CLANG_WARN_STRICT_PROTOTYPES = YES;
				CLANG_WARN_SUSPICIOUS_MOVE = YES;
				CLANG_WARN_UNGUARDED_AVAILABILITY = YES_AGGRESSIVE;
				CLANG_WARN_UNREACHABLE_CODE = YES;
				CLANG_WARN__DUPLICATE_METHOD_MATCH = YES;
				COPY_PHASE_STRIP = NO;
				DEBUG_INFORMATION_FORMAT = "dwarf-with-dsym";
				DEVELOPMENT_TEAM = DVKB9Z8TQ2;
				ENABLE_NS_ASSERTIONS = NO;
				ENABLE_STRICT_OBJC_MSGSEND = YES;
				ENABLE_USER_SCRIPT_SANDBOXING = YES;
				GCC_C_LANGUAGE_STANDARD = gnu17;
				GCC_NO_COMMON_BLOCKS = YES;
				GCC_WARN_64_TO_32_BIT_CONVERSION = YES;
				GCC_WARN_ABOUT_RETURN_TYPE = YES_ERROR;
				GCC_WARN_UNDECLARED_SELECTOR = YES;
				GCC_WARN_UNINITIALIZED_AUTOS = YES_AGGRESSIVE;
				GCC_WARN_UNUSED_FUNCTION = YES;
				GCC_WARN_UNUSED_VARIABLE = YES;
				IPHONEOS_DEPLOYMENT_TARGET = 18.5;
				LOCALIZATION_PREFERS_STRING_CATALOGS = YES;
				MTL_ENABLE_DEBUG_INFO = NO;
				MTL_FAST_MATH = YES;
				SDKROOT = iphoneos;
				SWIFT_COMPILATION_MODE = wholemodule;
				VALIDATE_PRODUCT = YES;
			};
			name = Release;
		};
		DC9AB4162E21B7B5002FC871 /* Debug */ = {
			isa = XCBuildConfiguration;
			buildSettings = {
				BUNDLE_LOADER = "$(TEST_HOST)";
				CODE_SIGN_STYLE = Automatic;
				CURRENT_PROJECT_VERSION = 1;
				DEVELOPMENT_TEAM = DVKB9Z8TQ2;
				GENERATE_INFOPLIST_FILE = YES;
				IPHONEOS_DEPLOYMENT_TARGET = 18.5;
				MARKETING_VERSION = 1.0;
				PRODUCT_BUNDLE_IDENTIFIER = com.lapfelix.TestAppiOSTests;
				PRODUCT_NAME = "$(TARGET_NAME)";
				SWIFT_EMIT_LOC_STRINGS = NO;
				SWIFT_VERSION = 5.0;
				TARGETED_DEVICE_FAMILY = "1,2";
				TEST_HOST = "$(BUILT_PRODUCTS_DIR)/TestAppiOS.app/$(BUNDLE_EXECUTABLE_FOLDER_PATH)/TestAppiOS";
			};
			name = Debug;
		};
		DC9AB4172E21B7B5002FC871 /* Release */ = {
			isa = XCBuildConfiguration;
			buildSettings = {
				BUNDLE_LOADER = "$(TEST_HOST)";
				CODE_SIGN_STYLE = Automatic;
				CURRENT_PROJECT_VERSION = 1;
				DEVELOPMENT_TEAM = DVKB9Z8TQ2;
				GENERATE_INFOPLIST_FILE = YES;
				IPHONEOS_DEPLOYMENT_TARGET = 18.5;
				MARKETING_VERSION = 1.0;
				PRODUCT_BUNDLE_IDENTIFIER = com.lapfelix.TestAppiOSTests;
				PRODUCT_NAME = "$(TARGET_NAME)";
				SWIFT_EMIT_LOC_STRINGS = NO;
				SWIFT_VERSION = 5.0;
				TARGETED_DEVICE_FAMILY = "1,2";
				TEST_HOST = "$(BUILT_PRODUCTS_DIR)/TestAppiOS.app/$(BUNDLE_EXECUTABLE_FOLDER_PATH)/TestAppiOS";
			};
			name = Release;
		};
		DC9AB4192E21B7B5002FC871 /* Debug */ = {
			isa = XCBuildConfiguration;
			buildSettings = {
				CODE_SIGN_STYLE = Automatic;
				CURRENT_PROJECT_VERSION = 1;
				DEVELOPMENT_TEAM = DVKB9Z8TQ2;
				GENERATE_INFOPLIST_FILE = YES;
				MARKETING_VERSION = 1.0;
				PRODUCT_BUNDLE_IDENTIFIER = com.lapfelix.TestAppiOSUITests;
				PRODUCT_NAME = "$(TARGET_NAME)";
				SWIFT_EMIT_LOC_STRINGS = NO;
				SWIFT_VERSION = 5.0;
				TARGETED_DEVICE_FAMILY = "1,2";
				TEST_TARGET_NAME = TestAppiOS;
			};
			name = Debug;
		};
		DC9AB41A2E21B7B5002FC871 /* Release */ = {
			isa = XCBuildConfiguration;
			buildSettings = {
				CODE_SIGN_STYLE = Automatic;
				CURRENT_PROJECT_VERSION = 1;
				DEVELOPMENT_TEAM = DVKB9Z8TQ2;
				GENERATE_INFOPLIST_FILE = YES;
				MARKETING_VERSION = 1.0;
				PRODUCT_BUNDLE_IDENTIFIER = com.lapfelix.TestAppiOSUITests;
				PRODUCT_NAME = "$(TARGET_NAME)";
				SWIFT_EMIT_LOC_STRINGS = NO;
				SWIFT_VERSION = 5.0;
				TARGETED_DEVICE_FAMILY = "1,2";
				TEST_TARGET_NAME = TestAppiOS;
			};
			name = Release;
		};
/* End XCBuildConfiguration section */

/* Begin XCConfigurationList section */
		DC9AB3E22E21B7B3002FC871 /* Build configuration list for PBXProject "TestAppiOS" */ = {
			isa = XCConfigurationList;
			buildConfigurations = (
				DC9AB4132E21B7B5002FC871 /* Debug */,
				DC9AB4142E21B7B5002FC871 /* Release */,
			);
			defaultConfigurationIsVisible = 0;
			defaultConfigurationName = Release;
		};
		DC9AB4102E21B7B5002FC871 /* Build configuration list for PBXNativeTarget "TestAppiOS" */ = {
			isa = XCConfigurationList;
			buildConfigurations = (
				DC9AB4112E21B7B5002FC871 /* Debug */,
				DC9AB4122E21B7B5002FC871 /* Release */,
			);
			defaultConfigurationIsVisible = 0;
			defaultConfigurationName = Release;
		};
		DC9AB4152E21B7B5002FC871 /* Build configuration list for PBXNativeTarget "TestAppiOSTests" */ = {
			isa = XCConfigurationList;
			buildConfigurations = (
				DC9AB4162E21B7B5002FC871 /* Debug */,
				DC9AB4172E21B7B5002FC871 /* Release */,
			);
			defaultConfigurationIsVisible = 0;
			defaultConfigurationName = Release;
		};
		DC9AB4182E21B7B5002FC871 /* Build configuration list for PBXNativeTarget "TestAppiOSUITests" */ = {
			isa = XCConfigurationList;
			buildConfigurations = (
				DC9AB4192E21B7B5002FC871 /* Debug */,
				DC9AB41A2E21B7B5002FC871 /* Release */,
			);
			defaultConfigurationIsVisible = 0;
			defaultConfigurationName = Release;
		};
/* End XCConfigurationList section */
	};
	rootObject = DC9AB3DF2E21B7B3002FC871 /* Project object */;
}
